github.com/tinywasm/await v0.1.0 h1:keCHZSRPohCGLv+Tm/ovZUwi9oZZX3G3QgUomsNgsxM=
github.com/tinywasm/await v0.1.0/go.mod h1:7Z60wpqsTfOhy8zVE4kd86ZrFZ97e9Vx4E69Xwgeca8=
github.com/tinywasm/base64 v0.0.5 h1:OuRGCuJrUzqo15jtotxs9PKL0mLuZmRHL6heUFaZZE4=
github.com/tinywasm/base64 v0.0.5/go.mod h1:p6s8iOD4F6s6smO80R3bYd8ZGZQxXCBt+5KxFQ4vCHU=
github.com/tinywasm/dbus v0.1.0 h1:KzAt6DHt+YT/lx05Kh4JLmkZdgasdIU+7n6bX9xDKAY=
github.com/tinywasm/dbus v0.1.0/go.mod h1:anuRR8oZZZinRsh/vP0taxQgpPBKQkTxmp84VmUxJmE=
github.com/tinywasm/fmt v0.25.7 h1:Rju5B7LfrGu2QOA0L5IN0Cb9NwH5h8afGbawnF59Mec=
github.com/tinywasm/fmt v0.25.7/go.mod h1:2Y4hlsQxqVsZ5z9vQL5XQbEzLQtQOr1Bhp44nPGfydA=
github.com/tinywasm/keyring v0.2.3 h1:OOTvCG7MeGiZPv+q1PlKhpzX2OTAK0xHSa6+NQP563o=
github.com/tinywasm/keyring v0.2.3/go.mod h1:s8R7gFsG4hQbnSGXuDwwENeqXf9APgeDozIfhQQEb0c=
github.com/tinywasm/webauthn v0.1.1 h1:lbbXbue7c+tiX+wGKf985uEuOVS8L6qjOSszLqYolLI=
github.com/tinywasm/webauthn v0.1.1/go.mod h1:A/yVYXoWxjwtvnEu6Dq/HoHDAaehy9tnPlUs8Iyask8=
